# This file is automatically @generated by Cargo.
# It is not intended for manual editing.
version = 4

[[package]]
name = "adler2"
version = "2.0.1"
source = "registry+https://github.com/rust-lang/crates.io-index"
checksum = "320119579fcad9c21884f5c4861d16174d0e06250625266f50fe6898340abefa"

[[package]]
name = "allocator-api2"
version = "0.2.21"
source = "registry+https://github.com/rust-lang/crates.io-index"
checksum = "683d7910e743518b0e34f1186f92494becacb047c7b6bf616c96772180fef923"

[[package]]
name = "autocfg"
version = "1.5.1"
source = "registry+https://github.com/rust-lang/crates.io-index"
checksum = "f2032f911046de80f0a198e0901378627c33f59ea0ac00e363d481118bd70a53"

[[package]]
name = "bitflags"
version = "2.13.0"
source = "registry+https://github.com/rust-lang/crates.io-index"
checksum = "b4388bee8683e3d04af747c73422af53102d2bd24d9eadb6cbc100baef4b43f8"

[[package]]
name = "bumpalo"
version = "3.20.3"
source = "registry+https://github.com/rust-lang/crates.io-index"
checksum = "72f5acc6cb2ba439de613abc23857ec3d78374d8ed5ac84e9d11336e87da8649"

[[package]]
name = "bytes"
version = "1.12.1"
source = "registry+https://github.com/rust-lang/crates.io-index"
checksum = "fc652a48c352aef3ea3aed32080501cf3ef6ed5da78602a020c991775b0aff04"

[[package]]
name = "cesu8"
version = "1.1.0"
source = "registry+https://github.com/rust-lang/crates.io-index"
checksum = "6d43a04d8753f35258c91f8ec639f792891f748a1edbd759cf1dcea3382ad83c"

[[package]]
name = "cfg-if"
version = "1.0.4"
source = "registry+https://github.com/rust-lang/crates.io-index"
checksum = "9330f8b2ff13f34540b44e946ef35111825727b38d33286ef986142615121801"

[[package]]
name = "combine"
version = "4.6.7"
source = "registry+https://github.com/rust-lang/crates.io-index"
checksum = "ba5a308b75df32fe02788e748662718f03fde005016435c444eea572398219fd"
dependencies = [
 "bytes",
 "memchr",
]

[[package]]
name = "crc32fast"
version = "1.5.0"
source = "registry+https://github.com/rust-lang/crates.io-index"
checksum = "9481c1c90cbf2ac953f07c8d4a58aa3945c425b7185c9154d67a65e4230da511"
dependencies = [
 "cfg-if",
]

[[package]]
name = "equivalent"
version = "1.0.2"
source = "registry+https://github.com/rust-lang/crates.io-index"
checksum = "877a4ace8713b0bcf2a4e7eec82529c029f1d0619886d18145fea96c3ffe5c0f"

[[package]]
name = "fdeflate"
version = "0.3.7"
source = "registry+https://github.com/rust-lang/crates.io-index"
checksum = "1e6853b52649d4ac5c0bd02320cddc5ba956bdb407c4b75a2c6b75bf51500f8c"
dependencies = [
 "simd-adler32",
]

[[package]]
name = "flate2"
version = "1.1.9"
source = "registry+https://github.com/rust-lang/crates.io-index"
checksum = "843fba2746e448b37e26a819579957415c8cef339bf08564fe8b7ddbd959573c"
dependencies = [
 "crc32fast",
 "miniz_oxide",
]

[[package]]
name = "foldhash"
version = "0.2.0"
source = "registry+https://github.com/rust-lang/crates.io-index"
checksum = "77ce24cb58228fbb8aa041425bb1050850ac19177686ea6e0f41a70416f56fdb"

[[package]]
name = "futures-core"
version = "0.3.32"
source = "registry+https://github.com/rust-lang/crates.io-index"
checksum = "7e3450815272ef58cec6d564423f6e755e25379b217b0bc688e295ba24df6b1d"

[[package]]
name = "futures-task"
version = "0.3.32"
source = "registry+https://github.com/rust-lang/crates.io-index"
checksum = "037711b3d59c33004d3856fbdc83b99d4ff37a24768fa1be9ce3538a1cde4393"

[[package]]
name = "futures-util"
version = "0.3.32"
source = "registry+https://github.com/rust-lang/crates.io-index"
checksum = "389ca41296e6190b48053de0321d02a77f32f8a5d2461dd38762c0593805c6d6"
dependencies = [
 "futures-core",
 "futures-task",
 "pin-project-lite",
 "slab",
]

[[package]]
name = "g2gen"
version = "1.2.2"
source = "registry+https://github.com/rust-lang/crates.io-index"
checksum = "c5a7e0eb46f83a20260b850117d204366674e85d3a908d90865c78df9a6b1dfc"
dependencies = [
 "g2poly",
 "proc-macro2",
 "quote",
 "syn",
]

[[package]]
name = "g2p"
version = "1.2.2"
source = "registry+https://github.com/rust-lang/crates.io-index"
checksum = "539e2644c030d3bf4cd208cb842d2ce2f80e82e6e8472390bcef83ceba0d80ad"
dependencies = [
 "g2gen",
 "g2poly",
]

[[package]]
name = "g2poly"
version = "1.2.2"
source = "registry+https://github.com/rust-lang/crates.io-index"
checksum = "312d2295c7302019c395cfb90dacd00a82a2eabd700429bba9c7a3f38dbbe11b"

[[package]]
name = "hashbrown"
version = "0.16.1"
source = "registry+https://github.com/rust-lang/crates.io-index"
checksum = "841d1cc9bed7f9236f321df977030373f4a4163ae1a7dbfe1a51a2c1a51d9100"
dependencies = [
 "allocator-api2",
 "equivalent",
 "foldhash",
]

[[package]]
name = "heck"
version = "0.5.0"
source = "registry+https://github.com/rust-lang/crates.io-index"
checksum = "2304e00983f87ffb38b55b444b5e3b60a884b5d30c0fca7d82fe33449bbe55ea"

[[package]]
name = "itoa"
version = "1.0.18"
source = "registry+https://github.com/rust-lang/crates.io-index"
checksum = "8f42a60cbdf9a97f5d2305f08a87dc4e09308d1276d28c869c684d7777685682"

[[package]]
name = "jni"
version = "0.21.1"
source = "registry+https://github.com/rust-lang/crates.io-index"
checksum = "1a87aa2bb7d2af34197c04845522473242e1aa17c12f4935d5856491a7fb8c97"
dependencies = [
 "cesu8",
 "cfg-if",
 "combine",
 "jni-sys 0.3.1",
 "log",
 "thiserror",
 "walkdir",
 "windows-sys 0.45.0",
]

[[package]]
name = "jni-sys"
version = "0.3.1"
source = "registry+https://github.com/rust-lang/crates.io-index"
checksum = "41a652e1f9b6e0275df1f15b32661cf0d4b78d4d87ddec5e0c3c20f097433258"
dependencies = [
 "jni-sys 0.4.1",
]

[[package]]
name = "jni-sys"
version = "0.4.1"
source = "registry+https://github.com/rust-lang/crates.io-index"
checksum = "c6377a88cb3910bee9b0fa88d4f42e1d2da8e79915598f65fb0c7ee14c878af2"
dependencies = [
 "jni-sys-macros",
]

[[package]]
name = "jni-sys-macros"
version = "0.4.1"
source = "registry+https://github.com/rust-lang/crates.io-index"
checksum = "38c0b942f458fe50cdac086d2f946512305e5631e720728f2a61aabcd47a6264"
dependencies = [
 "quote",
 "syn",
]

[[package]]
name = "js-sys"
version = "0.3.103"
source = "registry+https://github.com/rust-lang/crates.io-index"
checksum = "53b44bfcdb3f8d5837a46dae1ca9660a837176eee74a28b229bc626816589102"
dependencies = [
 "cfg-if",
 "futures-util",
 "wasm-bindgen",
]

[[package]]
name = "libc"
version = "0.2.186"
source = "registry+https://github.com/rust-lang/crates.io-index"
checksum = "68ab91017fe16c622486840e4c83c9a37afeff978bd239b5293d61ece587de66"

[[package]]
name = "log"
version = "0.4.33"
source = "registry+https://github.com/rust-lang/crates.io-index"
checksum = "0ceec5bc11778974d1bcb055b18002eba7f4b3518b6a0081b3af5f21666da9ad"

[[package]]
name = "lru"
version = "0.16.4"
source = "registry+https://github.com/rust-lang/crates.io-index"
checksum = "7f66e8d5d03f609abc3a39e6f08e4164ebf1447a732906d39eb9b99b7919ef39"
dependencies = [
 "hashbrown",
]

[[package]]
name = "matrixmultiply"
version = "0.3.10"
source = "registry+https://github.com/rust-lang/crates.io-index"
checksum = "a06de3016e9fae57a36fd14dba131fccf49f74b40b7fbdb472f96e361ec71a08"
dependencies = [
 "autocfg",
 "rawpointer",
]

[[package]]
name = "memchr"
version = "2.8.2"
source = "registry+https://github.com/rust-lang/crates.io-index"
checksum = "88904434abc2901f197fe8cc55f0445e7ded921dba5911dad2e2b39b48e663c4"

[[package]]
name = "miniz_oxide"
version = "0.8.9"
source = "registry+https://github.com/rust-lang/crates.io-index"
checksum = "1fa76a2c86f704bdb222d66965fb3d63269ce38518b83cb0575fca855ebb6316"
dependencies = [
 "adler2",
 "simd-adler32",
]

[[package]]
name = "ndarray"
version = "0.17.2"
source = "registry+https://github.com/rust-lang/crates.io-index"
checksum = "520080814a7a6b4a6e9070823bb24b4531daac8c4627e08ba5de8c5ef2f2752d"
dependencies = [
 "matrixmultiply",
 "num-complex",
 "num-integer",
 "num-traits",
 "portable-atomic",
 "portable-atomic-util",
 "rawpointer",
]

[[package]]
name = "num-complex"
version = "0.4.6"
source = "registry+https://github.com/rust-lang/crates.io-index"
checksum = "73f88a1307638156682bada9d7604135552957b7818057dcef22705b4d509495"
dependencies = [
 "num-traits",
]

[[package]]
name = "num-integer"
version = "0.1.46"
source = "registry+https://github.com/rust-lang/crates.io-index"
checksum = "7969661fd2958a5cb096e56c8e1ad0444ac2bbcd0061bd28660485a44879858f"
dependencies = [
 "num-traits",
]

[[package]]
name = "num-traits"
version = "0.2.19"
source = "registry+https://github.com/rust-lang/crates.io-index"
checksum = "071dfc062690e90b734c0b2273ce72ad0ffa95f0c74596bc250dcfd960262841"
dependencies = [
 "autocfg",
]

[[package]]
name = "numpy"
version = "0.29.0"
source = "registry+https://github.com/rust-lang/crates.io-index"
checksum = "6a5b15d63a5ff39e378daed0e1340d3a5964703ea9712eb09a0dc66fade996f4"
dependencies = [
 "libc",
 "ndarray",
 "num-complex",
 "num-integer",
 "num-traits",
 "pyo3",
 "pyo3-build-config",
 "rustc-hash",
]

[[package]]
name = "once_cell"
version = "1.21.4"
source = "registry+https://github.com/rust-lang/crates.io-index"
checksum = "9f7c3e4beb33f85d45ae3e3a1792185706c8e16d043238c593331cc7cd313b50"

[[package]]
name = "pin-project-lite"
version = "0.2.17"
source = "registry+https://github.com/rust-lang/crates.io-index"
checksum = "a89322df9ebe1c1578d689c92318e070967d1042b512afbe49518723f4e6d5cd"

[[package]]
name = "png"
version = "0.18.1"
source = "registry+https://github.com/rust-lang/crates.io-index"
checksum = "60769b8b31b2a9f263dae2776c37b1b28ae246943cf719eb6946a1db05128a61"
dependencies = [
 "bitflags",
 "crc32fast",
 "fdeflate",
 "flate2",
 "miniz_oxide",
]

[[package]]
name = "portable-atomic"
version = "1.13.1"
source = "registry+https://github.com/rust-lang/crates.io-index"
checksum = "c33a9471896f1c69cecef8d20cbe2f7accd12527ce60845ff44c153bb2a21b49"

[[package]]
name = "portable-atomic-util"
version = "0.2.7"
source = "registry+https://github.com/rust-lang/crates.io-index"
checksum = "c2a106d1259c23fac8e543272398ae0e3c0b8d33c88ed73d0cc71b0f1d902618"
dependencies = [
 "portable-atomic",
]

[[package]]
name = "proc-macro2"
version = "1.0.106"
source = "registry+https://github.com/rust-lang/crates.io-index"
checksum = "8fd00f0bb2e90d81d1044c2b32617f68fcb9fa3bb7640c23e9c748e53fb30934"
dependencies = [
 "unicode-ident",
]

[[package]]
name = "pyo3"
version = "0.29.2"
source = "registry+https://github.com/rust-lang/crates.io-index"
checksum = "4688ddedf473e32662b9b067670129a8afb8c18e351482c70d62ba4a88171e8b"
dependencies = [
 "libc",
 "once_cell",
 "portable-atomic",
 "pyo3-build-config",
 "pyo3-ffi",
 "pyo3-macros",
]

[[package]]
name = "pyo3-build-config"
version = "0.29.2"
source = "registry+https://github.com/rust-lang/crates.io-index"
checksum = "f41027e41b4bd03f6e60f9f417fe24a6341a6bb744edd62b6f709f2a52ea30e9"
dependencies = [
 "target-lexicon",
]

[[package]]
name = "pyo3-ffi"
version = "0.29.2"
source = "registry+https://github.com/rust-lang/crates.io-index"
checksum = "e591a95526fead067432c3b3a33fc74770b87b1e04e73671090d9c2055a2b327"
dependencies = [
 "libc",
 "pyo3-build-config",
]

[[package]]
name = "pyo3-macros"
version = "0.29.2"
source = "registry+https://github.com/rust-lang/crates.io-index"
checksum = "73225868fc1cd84eef2c3c230ddb91273bf1de46aeb8a4248da76d32a0924a1c"
dependencies = [
 "proc-macro2",
 "pyo3-macros-backend",
 "quote",
 "syn",
]

[[package]]
name = "pyo3-macros-backend"
version = "0.29.2"
source = "registry+https://github.com/rust-lang/crates.io-index"
checksum = "571575aa3749fa6216757dd47d2a3e7ef360f329a40f0666a9fbd14889024952"
dependencies = [
 "heck",
 "proc-macro2",
 "quote",
 "syn",
]

[[package]]
name = "pythonize"
version = "0.29.0"
source = "registry+https://github.com/rust-lang/crates.io-index"
checksum = "6ec376e1216e0c929a74964ce2020012a1a39f32d80e78aa688721219ea7fb89"
dependencies = [
 "pyo3",
 "serde",
]

[[package]]
name = "qr-lab"
version = "0.1.0"
dependencies = [
 "qr-lab-geometry",
 "qr-lab-image",
 "qr-lab-imgproc",
 "qr-lab-qr",
]

[[package]]
name = "qr-lab-bench"
version = "0.1.0"
dependencies = [
 "png",
 "qr-lab",
 "serde",
 "serde_json",
]

[[package]]
name = "qr-lab-core"
version = "0.1.0"
dependencies = [
 "png",
 "qr-lab-geometry",
 "qr-lab-image",
 "qr-lab-imgproc",
 "qr-lab-qr",
 "qrcode",
 "serde",
 "serde_json",
]

[[package]]
name = "qr-lab-ffi"
version = "0.1.0"
dependencies = [
 "jni",
 "qr-lab",
 "serde",
 "serde_json",
]

[[package]]
name = "qr-lab-geometry"
version = "0.1.0"
dependencies = [
 "qr-lab-image",
]

[[package]]
name = "qr-lab-image"
version = "0.1.0"

[[package]]
name = "qr-lab-imgproc"
version = "0.1.0"
dependencies = [
 "qr-lab-geometry",
 "qr-lab-image",
]

[[package]]
name = "qr-lab-python"
version = "0.1.0"
dependencies = [
 "numpy",
 "pyo3",
 "pythonize",
 "qr-lab",
 "serde",
]

[[package]]
name = "qr-lab-qr"
version = "0.1.0"
dependencies = [
 "js-sys",
 "png",
 "qr-lab-geometry",
 "qr-lab-image",
 "qr-lab-imgproc",
 "qrcode",
 "rqrr",
 "serde",
 "serde_json",
]

[[package]]
name = "qr-lab-wasm"
version = "0.1.0"
dependencies = [
 "qr-lab",
 "qrcode",
 "serde",
 "serde-wasm-bindgen",
 "serde_bytes",
 "serde_json",
 "wasm-bindgen",
]

[[package]]
name = "qrcode"
version = "0.14.1"
source = "registry+https://github.com/rust-lang/crates.io-index"
checksum = "d68782463e408eb1e668cf6152704bd856c78c5b6417adaee3203d8f4c1fc9ec"

[[package]]
name = "quote"
version = "1.0.46"
source = "registry+https://github.com/rust-lang/crates.io-index"
checksum = "dfbc457d0c7a0759a614551b11a6409e5951f6c7537be1f1b7682b9ae9230368"
dependencies = [
 "proc-macro2",
]

[[package]]
name = "rawpointer"
version = "0.2.1"
source = "registry+https://github.com/rust-lang/crates.io-index"
checksum = "60a357793950651c4ed0f3f52338f53b2f809f32d83a07f72909fa13e4c6c1e3"

[[package]]
name = "rqrr"
version = "0.10.1"
source = "registry+https://github.com/rust-lang/crates.io-index"
checksum = "ffbe87d9e8db95652c25ded2418150e00b08c2fde09e23ec15896d2c470c6631"
dependencies = [
 "g2p",
 "lru",
]

[[package]]
name = "rustc-hash"
version = "2.1.3"
source = "registry+https://github.com/rust-lang/crates.io-index"
checksum = "6b1e7f9a428571be2dc5bc0505c13fb6bf936822b894ec87abf8a08a4e51742d"

[[package]]
name = "rustversion"
version = "1.0.22"
source = "registry+https://github.com/rust-lang/crates.io-index"
checksum = "b39cdef0fa800fc44525c84ccb54a029961a8215f9619753635a9c0d2538d46d"

[[package]]
name = "same-file"
version = "1.0.6"
source = "registry+https://github.com/rust-lang/crates.io-index"
checksum = "93fc1dc3aaa9bfed95e02e6eadabb4baf7e3078b0bd1b4d7b6b0b68378900502"
dependencies = [
 "winapi-util",
]

[[package]]
name = "serde"
version = "1.0.228"
source = "registry+https://github.com/rust-lang/crates.io-index"
checksum = "9a8e94ea7f378bd32cbbd37198a4a91436180c5bb472411e48b5ec2e2124ae9e"
dependencies = [
 "serde_core",
 "serde_derive",
]

[[package]]
name = "serde-wasm-bindgen"
version = "0.6.5"
source = "registry+https://github.com/rust-lang/crates.io-index"
checksum = "8302e169f0eddcc139c70f139d19d6467353af16f9fce27e8c30158036a1e16b"
dependencies = [
 "js-sys",
 "serde",
 "wasm-bindgen",
]

[[package]]
name = "serde_bytes"
version = "0.11.19"
source = "registry+https://github.com/rust-lang/crates.io-index"
checksum = "a5d440709e79d88e51ac01c4b72fc6cb7314017bb7da9eeff678aa94c10e3ea8"
dependencies = [
 "serde",
 "serde_core",
]

[[package]]
name = "serde_core"
version = "1.0.228"
source = "registry+https://github.com/rust-lang/crates.io-index"
checksum = "41d385c7d4ca58e59fc732af25c3983b67ac852c1a25000afe1175de458b67ad"
dependencies = [
 "serde_derive",
]

[[package]]
name = "serde_derive"
version = "1.0.228"
source = "registry+https://github.com/rust-lang/crates.io-index"
checksum = "d540f220d3187173da220f885ab66608367b6574e925011a9353e4badda91d79"
dependencies = [
 "proc-macro2",
 "quote",
 "syn",
]

[[package]]
name = "serde_json"
version = "1.0.150"
source = "registry+https://github.com/rust-lang/crates.io-index"
checksum = "e8014e44b4736ed0538adeecded0fce2a272f22dc9578a7eb6b2d9993c74cfb9"
dependencies = [
 "itoa",
 "memchr",
 "serde",
 "serde_core",
 "zmij",
]

[[package]]
name = "simd-adler32"
version = "0.3.9"
source = "registry+https://github.com/rust-lang/crates.io-index"
checksum = "703d5c7ef118737c72f1af64ad2f6f8c5e1921f818cdcb97b8fe6fc69bf66214"

[[package]]
name = "slab"
version = "0.4.12"
source = "registry+https://github.com/rust-lang/crates.io-index"
checksum = "0c790de23124f9ab44544d7ac05d60440adc586479ce501c1d6d7da3cd8c9cf5"

[[package]]
name = "syn"
version = "2.0.118"
source = "registry+https://github.com/rust-lang/crates.io-index"
checksum = "1b9ae57f904213ebb649ce6895b8a66c66f0203b9319718f69a5612a065b1422"
dependencies = [
 "proc-macro2",
 "quote",
 "unicode-ident",
]

[[package]]
name = "target-lexicon"
version = "0.13.5"
source = "registry+https://github.com/rust-lang/crates.io-index"
checksum = "adb6935a6f5c20170eeceb1a3835a49e12e19d792f6dd344ccc76a985ca5a6ca"

[[package]]
name = "thiserror"
version = "1.0.69"
source = "registry+https://github.com/rust-lang/crates.io-index"
checksum = "b6aaf5339b578ea85b50e080feb250a3e8ae8cfcdff9a461c9ec2904bc923f52"
dependencies = [
 "thiserror-impl",
]

[[package]]
name = "thiserror-impl"
version = "1.0.69"
source = "registry+https://github.com/rust-lang/crates.io-index"
checksum = "4fee6c4efc90059e10f81e6d42c60a18f76588c3d74cb83a0b242a2b6c7504c1"
dependencies = [
 "proc-macro2",
 "quote",
 "syn",
]

[[package]]
name = "unicode-ident"
version = "1.0.24"
source = "registry+https://github.com/rust-lang/crates.io-index"
checksum = "e6e4313cd5fcd3dad5cafa179702e2b244f760991f45397d14d4ebf38247da75"

[[package]]
name = "walkdir"
version = "2.5.0"
source = "registry+https://github.com/rust-lang/crates.io-index"
checksum = "29790946404f91d9c5d06f9874efddea1dc06c5efe94541a7d6863108e3a5e4b"
dependencies = [
 "same-file",
 "winapi-util",
]

[[package]]
name = "wasm-bindgen"
version = "0.2.126"
source = "registry+https://github.com/rust-lang/crates.io-index"
checksum = "4b067c0c11094aef6b7a801c1e34a26affafdf3d051dba08456b868789aaf9a4"
dependencies = [
 "cfg-if",
 "once_cell",
 "rustversion",
 "wasm-bindgen-macro",
 "wasm-bindgen-shared",
]

[[package]]
name = "wasm-bindgen-macro"
version = "0.2.126"
source = "registry+https://github.com/rust-lang/crates.io-index"
checksum = "167ce5e579f6bcf889c4f7175a8a5a585de84e8ff93976ce393efa5f2837aab1"
dependencies = [
 "quote",
 "wasm-bindgen-macro-support",
]

[[package]]
name = "wasm-bindgen-macro-support"
version = "0.2.126"
source = "registry+https://github.com/rust-lang/crates.io-index"
checksum = "f3997c7839262f4ef12cf90b818d6340c18e80f263f1a94bf157d0ec4420380e"
dependencies = [
 "bumpalo",
 "proc-macro2",
 "quote",
 "syn",
 "wasm-bindgen-shared",
]

[[package]]
name = "wasm-bindgen-shared"
version = "0.2.126"
source = "registry+https://github.com/rust-lang/crates.io-index"
checksum = "dc1b4cb0cc549fcf58d7dfc081778139b3d283a081644e833e84682ad71cea24"
dependencies = [
 "unicode-ident",
]

[[package]]
name = "winapi-util"
version = "0.1.11"
source = "registry+https://github.com/rust-lang/crates.io-index"
checksum = "c2a7b1c03c876122aa43f3020e6c3c3ee5c05081c9a00739faf7503aeba10d22"
dependencies = [
 "windows-sys 0.61.2",
]

[[package]]
name = "windows-link"
version = "0.2.1"
source = "registry+https://github.com/rust-lang/crates.io-index"
checksum = "f0805222e57f7521d6a62e36fa9163bc891acd422f971defe97d64e70d0a4fe5"

[[package]]
name = "windows-sys"
version = "0.45.0"
source = "registry+https://github.com/rust-lang/crates.io-index"
checksum = "75283be5efb2831d37ea142365f009c02ec203cd29a3ebecbc093d52315b66d0"
dependencies = [
 "windows-targets",
]

[[package]]
name = "windows-sys"
version = "0.61.2"
source = "registry+https://github.com/rust-lang/crates.io-index"
checksum = "ae137229bcbd6cdf0f7b80a31df61766145077ddf49416a728b02cb3921ff3fc"
dependencies = [
 "windows-link",
]

[[package]]
name = "windows-targets"
version = "0.42.2"
source = "registry+https://github.com/rust-lang/crates.io-index"
checksum = "8e5180c00cd44c9b1c88adb3693291f1cd93605ded80c250a75d472756b4d071"
dependencies = [
 "windows_aarch64_gnullvm",
 "windows_aarch64_msvc",
 "windows_i686_gnu",
 "windows_i686_msvc",
 "windows_x86_64_gnu",
 "windows_x86_64_gnullvm",
 "windows_x86_64_msvc",
]

[[package]]
name = "windows_aarch64_gnullvm"
version = "0.42.2"
source = "registry+https://github.com/rust-lang/crates.io-index"
checksum = "597a5118570b68bc08d8d59125332c54f1ba9d9adeedeef5b99b02ba2b0698f8"

[[package]]
name = "windows_aarch64_msvc"
version = "0.42.2"
source = "registry+https://github.com/rust-lang/crates.io-index"
checksum = "e08e8864a60f06ef0d0ff4ba04124db8b0fb3be5776a5cd47641e942e58c4d43"

[[package]]
name = "windows_i686_gnu"
version = "0.42.2"
source = "registry+https://github.com/rust-lang/crates.io-index"
checksum = "c61d927d8da41da96a81f029489353e68739737d3beca43145c8afec9a31a84f"

[[package]]
name = "windows_i686_msvc"
version = "0.42.2"
source = "registry+https://github.com/rust-lang/crates.io-index"
checksum = "44d840b6ec649f480a41c8d80f9c65108b92d89345dd94027bfe06ac444d1060"

[[package]]
name = "windows_x86_64_gnu"
version = "0.42.2"
source = "registry+https://github.com/rust-lang/crates.io-index"
checksum = "8de912b8b8feb55c064867cf047dda097f92d51efad5b491dfb98f6bbb70cb36"

[[package]]
name = "windows_x86_64_gnullvm"
version = "0.42.2"
source = "registry+https://github.com/rust-lang/crates.io-index"
checksum = "26d41b46a36d453748aedef1486d5c7a85db22e56aff34643984ea85514e94a3"

[[package]]
name = "windows_x86_64_msvc"
version = "0.42.2"
source = "registry+https://github.com/rust-lang/crates.io-index"
checksum = "9aec5da331524158c6d1a4ac0ab1541149c0b9505fde06423b02f5ef0106b9f0"

[[package]]
name = "zmij"
version = "1.0.21"
source = "registry+https://github.com/rust-lang/crates.io-index"
checksum = "b8848ee67ecc8aedbaf3e4122217aff892639231befc6a1b58d29fff4c2cabaa"
